
Microsoft Visual Studio Solution File, Format Version 12.00
# Visual Studio Version 16
VisualStudioVersion = 16.0.34031.81
MinimumVisualStudioVersion = 10.0.40219.1
Project("{FAE04EC0-301F-11D3-BF4B-00C04F79EFBC}") = "Ez egy minta cukorke", "Ez egy minta cukorke\Ez egy minta cukorke.csproj", "{07CE4768-3C18-4EB9-8689-CFB36B2E42CD}"
EndProject
Global
	GlobalSection(SolutionConfigurationPlatforms) = preSolution
		Debug|Any CPU = Debug|Any CPU
		Release|Any CPU = Release|Any CPU
	EndGlobalSection
	GlobalSection(ProjectConfigurationPlatforms) = postSolution
		{07CE4768-3C18-4EB9-8689-CFB36B2E42CD}.Debug|Any CPU.ActiveCfg = Debug|Any CPU
		{07CE4768-3C18-4EB9-8689-CFB36B2E42CD}.Debug|Any CPU.Build.0 = Debug|Any CPU
		{07CE4768-3C18-4EB9-8689-CFB36B2E42CD}.Release|Any CPU.ActiveCfg = Release|Any CPU
		{07CE4768-3C18-4EB9-8689-CFB36B2E42CD}.Release|Any CPU.Build.0 = Release|Any CPU
	EndGlobalSection
	GlobalSection(SolutionProperties) = preSolution
		HideSolutionNode = FALSE
	EndGlobalSection
	GlobalSection(ExtensibilityGlobals) = postSolution
		SolutionGuid = {D41AE614-4D07-4DD6-87D7-6568439BA522}
	EndGlobalSection
EndGlobal
